
Microsoft Visual Studio Solution File, Format Version 12.00
# Visual Studio Version 16
VisualStudioVersion = 16.0.29424.173
MinimumVisualStudioVersion = 10.0.40219.1
Project("{FAE04EC0-301F-11D3-BF4B-00C04F79EFBC}") = "slo-viewer-for-service-tree", "slo-viewer-for-service-tree.csproj", "{2D5C2BA2-D4DB-4C7A-8A2F-DC7B0CB7B07D}"
EndProject
Global
	GlobalSection(SolutionConfigurationPlatforms) = preSolution
		Debug|Any CPU = Debug|Any CPU
		Release|Any CPU = Release|Any CPU
	EndGlobalSection
	GlobalSection(ProjectConfigurationPlatforms) = postSolution
		{2D5C2BA2-D4DB-4C7A-8A2F-DC7B0CB7B07D}.Debug|Any CPU.ActiveCfg = Debug|Any CPU
		{2D5C2BA2-D4DB-4C7A-8A2F-DC7B0CB7B07D}.Debug|Any CPU.Build.0 = Debug|Any CPU
		{2D5C2BA2-D4DB-4C7A-8A2F-DC7B0CB7B07D}.Release|Any CPU.ActiveCfg = Release|Any CPU
		{2D5C2BA2-D4DB-4C7A-8A2F-DC7B0CB7B07D}.Release|Any CPU.Build.0 = Release|Any CPU
	EndGlobalSection
	GlobalSection(SolutionProperties) = preSolution
		HideSolutionNode = FALSE
	EndGlobalSection
	GlobalSection(ExtensibilityGlobals) = postSolution
		SolutionGuid = {DB3AA066-1881-4166-98A2-DB453F391B4F}
	EndGlobalSection
EndGlobal
